// !$*UTF8*$!
{
	archiveVersion = 1;
	classes = {
	};
	objectVersion = 56;
	objects = {

/* Begin PBXBuildFile section */
		C894EB9BBC464BFBB6C5FA47 /* Course.swift in Sources */ = {isa = PBXBuildFile; fileRef = 5928F0405F2D463DA6F70AF7 /* Course.swift */; };
		F3501763F39D4F039D7B830F /* Room.swift in Sources */ = {isa = PBXBuildFile; fileRef = 9A2BCF93431149299BFA4D40 /* Room.swift */; };
		A50FEBC21C7C4D5DB29A28D3 /* ScheduleEvent.swift in Sources */ = {isa = PBXBuildFile; fileRef = A1BCE0BA80FB48F8BCDDD0F5 /* ScheduleEvent.swift */; };
		4EC4527401824BFEB2526605 /* StudyProgram.swift in Sources */ = {isa = PBXBuildFile; fileRef = CBB4737C599D4CCCB1BF51F6 /* StudyProgram.swift */; };
		9AA4E1EC9BDD48138D102085 /* Timeplan.swift in Sources */ = {isa = PBXBuildFile; fileRef = AB1473FAABFE4D4590E0C936 /* Timeplan.swift */; };
		E6D4426A75A044E693A8E52E /* NTNUTimeplanApp.swift in Sources */ = {isa = PBXBuildFile; fileRef = 57BBB441C50E426C9D518F3B /* NTNUTimeplanApp.swift */; };
		4550452EB0E14C848AA925C8 /* EventKitExporter.swift in Sources */ = {isa = PBXBuildFile; fileRef = D1128F1DC5BB46FB958E3BD9 /* EventKitExporter.swift */; };
		9C07CCE52F1543B286F0D37F /* ICSExporter.swift in Sources */ = {isa = PBXBuildFile; fileRef = 6BCDF4B704924984B408BAA7 /* ICSExporter.swift */; };
		AD68B2B1599B4CCA954669CE /* MockData.swift in Sources */ = {isa = PBXBuildFile; fileRef = C78ACA36E762488C9B8762CF /* MockData.swift */; };
		4A74C27484434B0D91B0017A /* NTNUScheduleService.swift in Sources */ = {isa = PBXBuildFile; fileRef = C238696E35374E2C8998EAA6 /* NTNUScheduleService.swift */; };
		571F0A852EA641A1B2EF7EF2 /* NotificationScheduler.swift in Sources */ = {isa = PBXBuildFile; fileRef = 264CEBCDAD164EC5B016788B /* NotificationScheduler.swift */; };
		272BF374D2E44301801BA07E /* DateExtensions.swift in Sources */ = {isa = PBXBuildFile; fileRef = 32F0CB962835459AB459D389 /* DateExtensions.swift */; };
		60AFA400EE9348589FBA7168 /* DayLayout.swift in Sources */ = {isa = PBXBuildFile; fileRef = 913536D23DAE4DCA82CE8BE9 /* DayLayout.swift */; };
		B16119185468414688922DD6 /* NTNUSemester.swift in Sources */ = {isa = PBXBuildFile; fileRef = 385AB85BDD904E41A17755FF /* NTNUSemester.swift */; };
		78D305DF15EE423FB4A888AE /* TimelineMetrics.swift in Sources */ = {isa = PBXBuildFile; fileRef = 1ED2BDF45E9845D0AB5B8A1C /* TimelineMetrics.swift */; };
		89CB0E93A45A48D2A2693908 /* ScheduleViewModel.swift in Sources */ = {isa = PBXBuildFile; fileRef = 0FF7CFB16206407DB64ECEC2 /* ScheduleViewModel.swift */; };
		295064C256DD456BB5577941 /* ContentView.swift in Sources */ = {isa = PBXBuildFile; fileRef = B6519918995B4F68A860AC56 /* ContentView.swift */; };
		A74550E1208F48898A09BEF6 /* CourseSearchView.swift in Sources */ = {isa = PBXBuildFile; fileRef = E86484C5E51947678068827D /* CourseSearchView.swift */; };
		A5DCF035008E44B6961F2E42 /* CurrentTimeIndicator.swift in Sources */ = {isa = PBXBuildFile; fileRef = AF5FE807E80A463491089E34 /* CurrentTimeIndicator.swift */; };
		CF639C4C91324F94ADF60F08 /* DayPagerView.swift in Sources */ = {isa = PBXBuildFile; fileRef = D306FA8796964B33B1F50D30 /* DayPagerView.swift */; };
		F4CA935781654F9D9266DFAB /* DayTimelineView.swift in Sources */ = {isa = PBXBuildFile; fileRef = 1E7EF4476F214E618F0E9F7A /* DayTimelineView.swift */; };
		7FAAA717B83643BC9DBE79FD /* EventBlockView.swift in Sources */ = {isa = PBXBuildFile; fileRef = DDF13DE42048423EB16E0C96 /* EventBlockView.swift */; };
		0159230B95804270B31B9BFC /* EventDetailSheet.swift in Sources */ = {isa = PBXBuildFile; fileRef = 8A549CF8FD3342E88BA95472 /* EventDetailSheet.swift */; };
		A1A233C319AB489F839F15F3 /* ScheduleView.swift in Sources */ = {isa = PBXBuildFile; fileRef = B64E93CC862C4C2AB843D93E /* ScheduleView.swift */; };
		6ED192C48E044216B1ACE99B /* SettingsView.swift in Sources */ = {isa = PBXBuildFile; fileRef = 8DEEE1E8BE854C4199EDC16B /* SettingsView.swift */; };
		4EDDA2B429C343B19294776B /* ShareSheet.swift in Sources */ = {isa = PBXBuildFile; fileRef = 68C19FB9C4CF43B4BE093FFC /* ShareSheet.swift */; };
		677036D00B9B43EAACBB18B9 /* StudyProgramImportView.swift in Sources */ = {isa = PBXBuildFile; fileRef = 5A049AD19366476ABFE1FF1F /* StudyProgramImportView.swift */; };
		EE116D62288641868DB0C787 /* StudyProgramSearchList.swift in Sources */ = {isa = PBXBuildFile; fileRef = 791142373621453EB502D1B9 /* StudyProgramSearchList.swift */; };
		53E66D8875694A8E9039424C /* TimeplanManagerView.swift in Sources */ = {isa = PBXBuildFile; fileRef = 49211282A6D14485BC20C18E /* TimeplanManagerView.swift */; };
		E8EE67650E064D96B3AED720 /* WeekGridView.swift in Sources */ = {isa = PBXBuildFile; fileRef = 5646F4D283E044EDA7732F4B /* WeekGridView.swift */; };
		AD23D1C4EBDE4656A5895166 /* Assets.xcassets in Resources */ = {isa = PBXBuildFile; fileRef = 5A0FF5DA13504A879B87397B /* Assets.xcassets */; };
		9C9E5A91D1B0482BB5AF5EC4 /* EventKit.framework in Frameworks */ = {isa = PBXBuildFile; fileRef = 5267176AA32C427E930BB6B0 /* EventKit.framework */; };
/* End PBXBuildFile section */

/* Begin PBXFileReference section */
		5928F0405F2D463DA6F70AF7 /* Course.swift */ = {isa = PBXFileReference; lastKnownFileType = sourcecode.swift; path = "Course.swift"; sourceTree = "<group>"; };
		9A2BCF93431149299BFA4D40 /* Room.swift */ = {isa = PBXFileReference; lastKnownFileType = sourcecode.swift; path = "Room.swift"; sourceTree = "<group>"; };
		A1BCE0BA80FB48F8BCDDD0F5 /* ScheduleEvent.swift */ = {isa = PBXFileReference; lastKnownFileType = sourcecode.swift; path = "ScheduleEvent.swift"; sourceTree = "<group>"; };
		CBB4737C599D4CCCB1BF51F6 /* StudyProgram.swift */ = {isa = PBXFileReference; lastKnownFileType = sourcecode.swift; path = "StudyProgram.swift"; sourceTree = "<group>"; };
		AB1473FAABFE4D4590E0C936 /* Timeplan.swift */ = {isa = PBXFileReference; lastKnownFileType = sourcecode.swift; path = "Timeplan.swift"; sourceTree = "<group>"; };
		57BBB441C50E426C9D518F3B /* NTNUTimeplanApp.swift */ = {isa = PBXFileReference; lastKnownFileType = sourcecode.swift; path = "NTNUTimeplanApp.swift"; sourceTree = "<group>"; };
		D1128F1DC5BB46FB958E3BD9 /* EventKitExporter.swift */ = {isa = PBXFileReference; lastKnownFileType = sourcecode.swift; path = "EventKitExporter.swift"; sourceTree = "<group>"; };
		6BCDF4B704924984B408BAA7 /* ICSExporter.swift */ = {isa = PBXFileReference; lastKnownFileType = sourcecode.swift; path = "ICSExporter.swift"; sourceTree = "<group>"; };
		C78ACA36E762488C9B8762CF /* MockData.swift */ = {isa = PBXFileReference; lastKnownFileType = sourcecode.swift; path = "MockData.swift"; sourceTree = "<group>"; };
		C238696E35374E2C8998EAA6 /* NTNUScheduleService.swift */ = {isa = PBXFileReference; lastKnownFileType = sourcecode.swift; path = "NTNUScheduleService.swift"; sourceTree = "<group>"; };
		264CEBCDAD164EC5B016788B /* NotificationScheduler.swift */ = {isa = PBXFileReference; lastKnownFileType = sourcecode.swift; path = "NotificationScheduler.swift"; sourceTree = "<group>"; };
		32F0CB962835459AB459D389 /* DateExtensions.swift */ = {isa = PBXFileReference; lastKnownFileType = sourcecode.swift; path = "DateExtensions.swift"; sourceTree = "<group>"; };
		913536D23DAE4DCA82CE8BE9 /* DayLayout.swift */ = {isa = PBXFileReference; lastKnownFileType = sourcecode.swift; path = "DayLayout.swift"; sourceTree = "<group>"; };
		385AB85BDD904E41A17755FF /* NTNUSemester.swift */ = {isa = PBXFileReference; lastKnownFileType = sourcecode.swift; path = "NTNUSemester.swift"; sourceTree = "<group>"; };
		1ED2BDF45E9845D0AB5B8A1C /* TimelineMetrics.swift */ = {isa = PBXFileReference; lastKnownFileType = sourcecode.swift; path = "TimelineMetrics.swift"; sourceTree = "<group>"; };
		0FF7CFB16206407DB64ECEC2 /* ScheduleViewModel.swift */ = {isa = PBXFileReference; lastKnownFileType = sourcecode.swift; path = "ScheduleViewModel.swift"; sourceTree = "<group>"; };
		B6519918995B4F68A860AC56 /* ContentView.swift */ = {isa = PBXFileReference; lastKnownFileType = sourcecode.swift; path = "ContentView.swift"; sourceTree = "<group>"; };
		E86484C5E51947678068827D /* CourseSearchView.swift */ = {isa = PBXFileReference; lastKnownFileType = sourcecode.swift; path = "CourseSearchView.swift"; sourceTree = "<group>"; };
		AF5FE807E80A463491089E34 /* CurrentTimeIndicator.swift */ = {isa = PBXFileReference; lastKnownFileType = sourcecode.swift; path = "CurrentTimeIndicator.swift"; sourceTree = "<group>"; };
		D306FA8796964B33B1F50D30 /* DayPagerView.swift */ = {isa = PBXFileReference; lastKnownFileType = sourcecode.swift; path = "DayPagerView.swift"; sourceTree = "<group>"; };
		1E7EF4476F214E618F0E9F7A /* DayTimelineView.swift */ = {isa = PBXFileReference; lastKnownFileType = sourcecode.swift; path = "DayTimelineView.swift"; sourceTree = "<group>"; };
		DDF13DE42048423EB16E0C96 /* EventBlockView.swift */ = {isa = PBXFileReference; lastKnownFileType = sourcecode.swift; path = "EventBlockView.swift"; sourceTree = "<group>"; };
		8A549CF8FD3342E88BA95472 /* EventDetailSheet.swift */ = {isa = PBXFileReference; lastKnownFileType = sourcecode.swift; path = "EventDetailSheet.swift"; sourceTree = "<group>"; };
		B64E93CC862C4C2AB843D93E /* ScheduleView.swift */ = {isa = PBXFileReference; lastKnownFileType = sourcecode.swift; path = "ScheduleView.swift"; sourceTree = "<group>"; };
		8DEEE1E8BE854C4199EDC16B /* SettingsView.swift */ = {isa = PBXFileReference; lastKnownFileType = sourcecode.swift; path = "SettingsView.swift"; sourceTree = "<group>"; };
		68C19FB9C4CF43B4BE093FFC /* ShareSheet.swift */ = {isa = PBXFileReference; lastKnownFileType = sourcecode.swift; path = "ShareSheet.swift"; sourceTree = "<group>"; };
		5A049AD19366476ABFE1FF1F /* StudyProgramImportView.swift */ = {isa = PBXFileReference; lastKnownFileType = sourcecode.swift; path = "StudyProgramImportView.swift"; sourceTree = "<group>"; };
		791142373621453EB502D1B9 /* StudyProgramSearchList.swift */ = {isa = PBXFileReference; lastKnownFileType = sourcecode.swift; path = "StudyProgramSearchList.swift"; sourceTree = "<group>"; };
		49211282A6D14485BC20C18E /* TimeplanManagerView.swift */ = {isa = PBXFileReference; lastKnownFileType = sourcecode.swift; path = "TimeplanManagerView.swift"; sourceTree = "<group>"; };
		5646F4D283E044EDA7732F4B /* WeekGridView.swift */ = {isa = PBXFileReference; lastKnownFileType = sourcecode.swift; path = "WeekGridView.swift"; sourceTree = "<group>"; };
		5A0FF5DA13504A879B87397B /* Assets.xcassets */ = {isa = PBXFileReference; lastKnownFileType = folder.assetcatalog; path = Assets.xcassets; sourceTree = "<group>"; };
		5267176AA32C427E930BB6B0 /* EventKit.framework */ = {isa = PBXFileReference; lastKnownFileType = wrapper.framework; name = EventKit.framework; path = System/Library/Frameworks/EventKit.framework; sourceTree = SDKROOT; };
		3BA5D0CBA7BC466FA8CADE46 /* NTNUTimeplan.app */ = {isa = PBXFileReference; explicitFileType = wrapper.application; includeInIndex = 0; path = NTNUTimeplan.app; sourceTree = BUILT_PRODUCTS_DIR; };
/* End PBXFileReference section */

/* Begin PBXFrameworksBuildPhase section */
		12A7CC8057844956BFF3EFE0 /* Frameworks */ = {
			isa = PBXFrameworksBuildPhase;
			buildActionMask = 2147483647;
			files = (
				9C9E5A91D1B0482BB5AF5EC4 /* EventKit.framework in Frameworks */,
			);
			runOnlyForDeploymentPostprocessing = 0;
		};
/* End PBXFrameworksBuildPhase section */

/* Begin PBXGroup section */
		864FBCB5ABE84DB5A987AD5E = {
			isa = PBXGroup;
			children = (
				32E6CF8E418C47D3B559A972 /* NTNUTimeplan */,
				845D25942EB6426BBFFE47F9 /* Frameworks */,
				EB1059F7CBB24611A4C78EF8 /* Products */,
			);
			sourceTree = "<group>";
		};
		32E6CF8E418C47D3B559A972 /* NTNUTimeplan */ = {
			isa = PBXGroup;
			children = (
				57BBB441C50E426C9D518F3B /* NTNUTimeplanApp.swift */,
				93733669939348549B279B6C /* Models */,
				118A5B1CE44544739FE3C6ED /* Services */,
				62D42F40EE4B48218D55D8ED /* Utilities */,
				10387ED97F8044259881CB41 /* ViewModels */,
				4354FCBC93144727A1025338 /* Views */,
				5A0FF5DA13504A879B87397B /* Assets.xcassets */,
			);
			path = NTNUTimeplan;
			sourceTree = "<group>";
		};
		93733669939348549B279B6C /* Models */ = {
			isa = PBXGroup;
			children = (
				5928F0405F2D463DA6F70AF7 /* Course.swift */,
				9A2BCF93431149299BFA4D40 /* Room.swift */,
				A1BCE0BA80FB48F8BCDDD0F5 /* ScheduleEvent.swift */,
				CBB4737C599D4CCCB1BF51F6 /* StudyProgram.swift */,
				AB1473FAABFE4D4590E0C936 /* Timeplan.swift */,
			);
			path = Models;
			sourceTree = "<group>";
		};
		118A5B1CE44544739FE3C6ED /* Services */ = {
			isa = PBXGroup;
			children = (
				D1128F1DC5BB46FB958E3BD9 /* EventKitExporter.swift */,
				6BCDF4B704924984B408BAA7 /* ICSExporter.swift */,
				C78ACA36E762488C9B8762CF /* MockData.swift */,
				C238696E35374E2C8998EAA6 /* NTNUScheduleService.swift */,
				264CEBCDAD164EC5B016788B /* NotificationScheduler.swift */,
			);
			path = Services;
			sourceTree = "<group>";
		};
		62D42F40EE4B48218D55D8ED /* Utilities */ = {
			isa = PBXGroup;
			children = (
				32F0CB962835459AB459D389 /* DateExtensions.swift */,
				913536D23DAE4DCA82CE8BE9 /* DayLayout.swift */,
				385AB85BDD904E41A17755FF /* NTNUSemester.swift */,
				1ED2BDF45E9845D0AB5B8A1C /* TimelineMetrics.swift */,
			);
			path = Utilities;
			sourceTree = "<group>";
		};
		10387ED97F8044259881CB41 /* ViewModels */ = {
			isa = PBXGroup;
			children = (
				0FF7CFB16206407DB64ECEC2 /* ScheduleViewModel.swift */,
			);
			path = ViewModels;
			sourceTree = "<group>";
		};
		4354FCBC93144727A1025338 /* Views */ = {
			isa = PBXGroup;
			children = (
				B6519918995B4F68A860AC56 /* ContentView.swift */,
				E86484C5E51947678068827D /* CourseSearchView.swift */,
				AF5FE807E80A463491089E34 /* CurrentTimeIndicator.swift */,
				D306FA8796964B33B1F50D30 /* DayPagerView.swift */,
				1E7EF4476F214E618F0E9F7A /* DayTimelineView.swift */,
				DDF13DE42048423EB16E0C96 /* EventBlockView.swift */,
				8A549CF8FD3342E88BA95472 /* EventDetailSheet.swift */,
				B64E93CC862C4C2AB843D93E /* ScheduleView.swift */,
				8DEEE1E8BE854C4199EDC16B /* SettingsView.swift */,
				68C19FB9C4CF43B4BE093FFC /* ShareSheet.swift */,
				5A049AD19366476ABFE1FF1F /* StudyProgramImportView.swift */,
				791142373621453EB502D1B9 /* StudyProgramSearchList.swift */,
				49211282A6D14485BC20C18E /* TimeplanManagerView.swift */,
				5646F4D283E044EDA7732F4B /* WeekGridView.swift */,
			);
			path = Views;
			sourceTree = "<group>";
		};
		845D25942EB6426BBFFE47F9 /* Frameworks */ = {
			isa = PBXGroup;
			children = (
				5267176AA32C427E930BB6B0 /* EventKit.framework */,
			);
			name = Frameworks;
			sourceTree = "<group>";
		};
		EB1059F7CBB24611A4C78EF8 /* Products */ = {
			isa = PBXGroup;
			children = (
				3BA5D0CBA7BC466FA8CADE46 /* NTNUTimeplan.app */,
			);
			name = Products;
			sourceTree = "<group>";
		};
/* End PBXGroup section */

/* Begin PBXNativeTarget section */
		E0009299B3104B40BC02B64B /* NTNUTimeplan */ = {
			isa = PBXNativeTarget;
			buildConfigurationList = 352BFEDD621942879FA238B6 /* Build configuration list for PBXNativeTarget "NTNUTimeplan" */;
			buildPhases = (
				30AE4306E79C4430AD642A34 /* Sources */,
				12A7CC8057844956BFF3EFE0 /* Frameworks */,
				31C9AB34A8FD42FCBEACED5B /* Resources */,
			);
			buildRules = (
			);
			dependencies = (
			);
			name = NTNUTimeplan;
			productName = NTNUTimeplan;
			productReference = 3BA5D0CBA7BC466FA8CADE46 /* NTNUTimeplan.app */;
			productType = "com.apple.product-type.application";
		};
/* End PBXNativeTarget section */

/* Begin PBXProject section */
		C357C861367F4584B26F4287 /* Project object */ = {
			isa = PBXProject;
			attributes = {
				BuildIndependentTargetsInParallel = 1;
				LastSwiftUpdateCheck = 1600;
				LastUpgradeCheck = 1600;
			};
			buildConfigurationList = 2CA3E9C04CD54BA0A3328947 /* Build configuration list for PBXProject "NTNUTimeplan" */;
			compatibilityVersion = "Xcode 14.0";
			developmentRegion = en;
			hasScannedForEncodings = 0;
			knownRegions = (
				en,
				Base,
			);
			mainGroup = 864FBCB5ABE84DB5A987AD5E;
			productRefGroup = EB1059F7CBB24611A4C78EF8 /* Products */;
			projectDirPath = "";
			projectRoot = "";
			targets = (
				E0009299B3104B40BC02B64B /* NTNUTimeplan */,
			);
		};
/* End PBXProject section */

/* Begin PBXResourcesBuildPhase section */
		31C9AB34A8FD42FCBEACED5B /* Resources */ = {
			isa = PBXResourcesBuildPhase;
			buildActionMask = 2147483647;
			files = (
				AD23D1C4EBDE4656A5895166 /* Assets.xcassets in Resources */,
			);
			runOnlyForDeploymentPostprocessing = 0;
		};
/* End PBXResourcesBuildPhase section */

/* Begin PBXSourcesBuildPhase section */
		30AE4306E79C4430AD642A34 /* Sources */ = {
			isa = PBXSourcesBuildPhase;
			buildActionMask = 2147483647;
			files = (
				C894EB9BBC464BFBB6C5FA47 /* Course.swift in Sources */,
				F3501763F39D4F039D7B830F /* Room.swift in Sources */,
				A50FEBC21C7C4D5DB29A28D3 /* ScheduleEvent.swift in Sources */,
				4EC4527401824BFEB2526605 /* StudyProgram.swift in Sources */,
				9AA4E1EC9BDD48138D102085 /* Timeplan.swift in Sources */,
				E6D4426A75A044E693A8E52E /* NTNUTimeplanApp.swift in Sources */,
				4550452EB0E14C848AA925C8 /* EventKitExporter.swift in Sources */,
				9C07CCE52F1543B286F0D37F /* ICSExporter.swift in Sources */,
				AD68B2B1599B4CCA954669CE /* MockData.swift in Sources */,
				4A74C27484434B0D91B0017A /* NTNUScheduleService.swift in Sources */,
				571F0A852EA641A1B2EF7EF2 /* NotificationScheduler.swift in Sources */,
				272BF374D2E44301801BA07E /* DateExtensions.swift in Sources */,
				60AFA400EE9348589FBA7168 /* DayLayout.swift in Sources */,
				B16119185468414688922DD6 /* NTNUSemester.swift in Sources */,
				78D305DF15EE423FB4A888AE /* TimelineMetrics.swift in Sources */,
				89CB0E93A45A48D2A2693908 /* ScheduleViewModel.swift in Sources */,
				295064C256DD456BB5577941 /* ContentView.swift in Sources */,
				A74550E1208F48898A09BEF6 /* CourseSearchView.swift in Sources */,
				A5DCF035008E44B6961F2E42 /* CurrentTimeIndicator.swift in Sources */,
				CF639C4C91324F94ADF60F08 /* DayPagerView.swift in Sources */,
				F4CA935781654F9D9266DFAB /* DayTimelineView.swift in Sources */,
				7FAAA717B83643BC9DBE79FD /* EventBlockView.swift in Sources */,
				0159230B95804270B31B9BFC /* EventDetailSheet.swift in Sources */,
				A1A233C319AB489F839F15F3 /* ScheduleView.swift in Sources */,
				6ED192C48E044216B1ACE99B /* SettingsView.swift in Sources */,
				4EDDA2B429C343B19294776B /* ShareSheet.swift in Sources */,
				677036D00B9B43EAACBB18B9 /* StudyProgramImportView.swift in Sources */,
				EE116D62288641868DB0C787 /* StudyProgramSearchList.swift in Sources */,
				53E66D8875694A8E9039424C /* TimeplanManagerView.swift in Sources */,
				E8EE67650E064D96B3AED720 /* WeekGridView.swift in Sources */,
			);
			runOnlyForDeploymentPostprocessing = 0;
		};
/* End PBXSourcesBuildPhase section */

/* Begin XCBuildConfiguration section */
		7FA1E5610C41412A8E1CECAC /* Debug */ = {
			isa = XCBuildConfiguration;
			buildSettings = {
				ASSETCATALOG_COMPILER_APPICON_NAME = AppIcon;
				ASSETCATALOG_COMPILER_GLOBAL_ACCENT_COLOR_NAME = AccentColor;
				CODE_SIGN_STYLE = Automatic;
				DEVELOPMENT_TEAM = 24T86MDB5Y;
				CURRENT_PROJECT_VERSION = 1;
				GENERATE_INFOPLIST_FILE = YES;
				INFOPLIST_KEY_NSCalendarsFullAccessUsageDescription = "Appen kan legge timeplanen din inn i Kalender-appen.";
				INFOPLIST_KEY_NSCalendarsUsageDescription = "Appen kan legge timeplanen din inn i Kalender-appen.";
				INFOPLIST_KEY_UIApplicationSceneManifest_Generation = YES;
				INFOPLIST_KEY_UILaunchScreen_Generation = YES;
				INFOPLIST_KEY_UISupportedInterfaceOrientations = "UIInterfaceOrientationPortrait UIInterfaceOrientationLandscapeLeft UIInterfaceOrientationLandscapeRight";
				INFOPLIST_KEY_UISupportedInterfaceOrientations_iPad = "UIInterfaceOrientationPortrait UIInterfaceOrientationPortraitUpsideDown UIInterfaceOrientationLandscapeLeft UIInterfaceOrientationLandscapeRight";
				IPHONEOS_DEPLOYMENT_TARGET = 17.0;
				MARKETING_VERSION = 1.0;
				PRODUCT_BUNDLE_IDENTIFIER = no.tormod.ntnutimeplan;
				PRODUCT_NAME = "$(TARGET_NAME)";
				SDKROOT = iphoneos;
				SWIFT_EMIT_LOC_STRINGS = YES;
				SWIFT_VERSION = 5.0;
				TARGETED_DEVICE_FAMILY = "1,2";
			};
			name = Debug;
		};
		547963B42D134460A43B77AB /* Release */ = {
			isa = XCBuildConfiguration;
			buildSettings = {
				ASSETCATALOG_COMPILER_APPICON_NAME = AppIcon;
				ASSETCATALOG_COMPILER_GLOBAL_ACCENT_COLOR_NAME = AccentColor;
				CODE_SIGN_STYLE = Automatic;
				DEVELOPMENT_TEAM = 24T86MDB5Y;
				CURRENT_PROJECT_VERSION = 1;
				GENERATE_INFOPLIST_FILE = YES;
				INFOPLIST_KEY_NSCalendarsFullAccessUsageDescription = "Appen kan legge timeplanen din inn i Kalender-appen.";
				INFOPLIST_KEY_NSCalendarsUsageDescription = "Appen kan legge timeplanen din inn i Kalender-appen.";
				INFOPLIST_KEY_UIApplicationSceneManifest_Generation = YES;
				INFOPLIST_KEY_UILaunchScreen_Generation = YES;
				INFOPLIST_KEY_UISupportedInterfaceOrientations = "UIInterfaceOrientationPortrait UIInterfaceOrientationLandscapeLeft UIInterfaceOrientationLandscapeRight";
				INFOPLIST_KEY_UISupportedInterfaceOrientations_iPad = "UIInterfaceOrientationPortrait UIInterfaceOrientationPortraitUpsideDown UIInterfaceOrientationLandscapeLeft UIInterfaceOrientationLandscapeRight";
				IPHONEOS_DEPLOYMENT_TARGET = 17.0;
				MARKETING_VERSION = 1.0;
				PRODUCT_BUNDLE_IDENTIFIER = no.tormod.ntnutimeplan;
				PRODUCT_NAME = "$(TARGET_NAME)";
				SDKROOT = iphoneos;
				SWIFT_EMIT_LOC_STRINGS = YES;
				SWIFT_VERSION = 5.0;
				TARGETED_DEVICE_FAMILY = "1,2";
			};
			name = Release;
		};
		194D4EEDDABA4201B92C94C2 /* Debug */ = {
			isa = XCBuildConfiguration;
			buildSettings = {
				ALWAYS_SEARCH_USER_PATHS = NO;
				CLANG_ENABLE_MODULES = YES;
				CLANG_ENABLE_OBJC_ARC = YES;
				COPY_PHASE_STRIP = NO;
				ENABLE_STRICT_OBJC_MSGSEND = YES;
				GCC_C_LANGUAGE_STANDARD = gnu17;
				GCC_NO_COMMON_BLOCKS = YES;
				IPHONEOS_DEPLOYMENT_TARGET = 17.0;
				MTL_ENABLE_DEBUG_INFO = INCLUDE_SOURCE;
				SDKROOT = iphoneos;
				SWIFT_VERSION = 5.0;
				VERSIONING_SYSTEM = "apple-generic";
				ONLY_ACTIVE_ARCH = YES;
				SWIFT_OPTIMIZATION_LEVEL = "-Onone";
			};
			name = Debug;
		};
		714A52841679445C8C3F6B16 /* Release */ = {
			isa = XCBuildConfiguration;
			buildSettings = {
				ALWAYS_SEARCH_USER_PATHS = NO;
				CLANG_ENABLE_MODULES = YES;
				CLANG_ENABLE_OBJC_ARC = YES;
				COPY_PHASE_STRIP = NO;
				ENABLE_STRICT_OBJC_MSGSEND = YES;
				GCC_C_LANGUAGE_STANDARD = gnu17;
				GCC_NO_COMMON_BLOCKS = YES;
				IPHONEOS_DEPLOYMENT_TARGET = 17.0;
				MTL_ENABLE_DEBUG_INFO = INCLUDE_SOURCE;
				SDKROOT = iphoneos;
				SWIFT_VERSION = 5.0;
				VERSIONING_SYSTEM = "apple-generic";
				SWIFT_COMPILATION_MODE = wholemodule;
			};
			name = Release;
		};
/* End XCBuildConfiguration section */

/* Begin XCConfigurationList section */
		352BFEDD621942879FA238B6 /* Build configuration list for PBXNativeTarget "NTNUTimeplan" */ = {
			isa = XCConfigurationList;
			buildConfigurations = (
				7FA1E5610C41412A8E1CECAC /* Debug */,
				547963B42D134460A43B77AB /* Release */,
			);
			defaultConfigurationIsVisible = 0;
			defaultConfigurationName = Release;
		};
		2CA3E9C04CD54BA0A3328947 /* Build configuration list for PBXProject "NTNUTimeplan" */ = {
			isa = XCConfigurationList;
			buildConfigurations = (
				194D4EEDDABA4201B92C94C2 /* Debug */,
				714A52841679445C8C3F6B16 /* Release */,
			);
			defaultConfigurationIsVisible = 0;
			defaultConfigurationName = Release;
		};
/* End XCConfigurationList section */

	};
	rootObject = C357C861367F4584B26F4287 /* Project object */;
}
