// !$*UTF8*$!
{
	archiveVersion = 1;
	classes = {
	};
	objectVersion = 56;
	objects = {

/* Begin PBXBuildFile section */
		B2C3D4E5F60718293A4B5C6D /* SubscriptionManager.swift in Sources */ = {isa = PBXBuildFile; fileRef = A1B2C3D4E5F60718293A4B5C /* SubscriptionManager.swift */; };
		D4E5F60718293A4B5C6D7E8F /* PaywallView.swift in Sources */ = {isa = PBXBuildFile; fileRef = C3D4E5F60718293A4B5C6D7E /* PaywallView.swift */; };
		722AB52099C7440881378A6A /* Course.swift in Sources */ = {isa = PBXBuildFile; fileRef = F64B22DB1085442EA7A1E7EE /* Course.swift */; };
		A069A88E0321454D986CB40A /* Room.swift in Sources */ = {isa = PBXBuildFile; fileRef = 42EF1F944EFD4083A3BF6677 /* Room.swift */; };
		39C9E25B19D649FDBBD000F5 /* ScheduleEvent.swift in Sources */ = {isa = PBXBuildFile; fileRef = C0489BB24CFF45DE80E8B4B2 /* ScheduleEvent.swift */; };
		89CBBBE831B94036BCE08E97 /* StudyProgram.swift in Sources */ = {isa = PBXBuildFile; fileRef = C7C664639F6F433D90A0C0D2 /* StudyProgram.swift */; };
		A3BE33604B1445AB9AF38104 /* Timeplan.swift in Sources */ = {isa = PBXBuildFile; fileRef = CE58F2F4535C49CDBBE27C49 /* Timeplan.swift */; };
		B1B74A2BF1DB4C2B9EB1644A /* NTNUTimeplanApp.swift in Sources */ = {isa = PBXBuildFile; fileRef = 1193D40B88BE4F3AB7CBEA4E /* NTNUTimeplanApp.swift */; };
		235BDDE0BCEE424B8CF394C1 /* EventKitExporter.swift in Sources */ = {isa = PBXBuildFile; fileRef = F45AF90A043D432089DD880A /* EventKitExporter.swift */; };
		C2C75399C8D44B699F96780E /* ICSExporter.swift in Sources */ = {isa = PBXBuildFile; fileRef = 1D898BBD0D114764A6D2AFF4 /* ICSExporter.swift */; };
		87F4F422CEBA41178A642F07 /* MockData.swift in Sources */ = {isa = PBXBuildFile; fileRef = 5BB692426EBC4CBA83CF3CBB /* MockData.swift */; };
		C4C2D0A69E2445DEA6DA8483 /* NTNUScheduleService.swift in Sources */ = {isa = PBXBuildFile; fileRef = E09C014DDE854017A792CAF8 /* NTNUScheduleService.swift */; };
		3DE0595E27324A5FA502E914 /* NotificationScheduler.swift in Sources */ = {isa = PBXBuildFile; fileRef = B9846B5A1F814B969F5AA041 /* NotificationScheduler.swift */; };
		A26C1EE462A5443EAD71C609 /* DateExtensions.swift in Sources */ = {isa = PBXBuildFile; fileRef = FAD1C6C259BD4F26A9AF4E17 /* DateExtensions.swift */; };
		41FF6CD8CDFA4AB78C9375F3 /* DayLayout.swift in Sources */ = {isa = PBXBuildFile; fileRef = 3054D7D8E4FD4AF78C658C57 /* DayLayout.swift */; };
		CCFC06C7D9EF4A0DA94B45DB /* NTNUSemester.swift in Sources */ = {isa = PBXBuildFile; fileRef = 6A9923151EB84A4BBB65ABA8 /* NTNUSemester.swift */; };
		09929A94EEFF4D57ADB11057 /* TimelineMetrics.swift in Sources */ = {isa = PBXBuildFile; fileRef = 60BC3EDEC8BA45FE80C81C8D /* TimelineMetrics.swift */; };
		BE6CC1C9220440A080612B56 /* ScheduleViewModel.swift in Sources */ = {isa = PBXBuildFile; fileRef = BBD9734CF1D84F8E9B017837 /* ScheduleViewModel.swift */; };
		D01A85B59850446D85463E9E /* ContentView.swift in Sources */ = {isa = PBXBuildFile; fileRef = FC3B39CCC8CA4E7E847BAC9C /* ContentView.swift */; };
		162F8D45F54D4AA0AC12DF2E /* CourseSearchView.swift in Sources */ = {isa = PBXBuildFile; fileRef = 4BC42FD0BA434DB2A1EEE781 /* CourseSearchView.swift */; };
		7775D5E35502496CB01D123E /* CurrentTimeIndicator.swift in Sources */ = {isa = PBXBuildFile; fileRef = 512E5F346A6A469694770DE7 /* CurrentTimeIndicator.swift */; };
		B58A80EF20EA4353ABE60739 /* DayPagerView.swift in Sources */ = {isa = PBXBuildFile; fileRef = 0C1A62C8BD164C3D8FDD31B8 /* DayPagerView.swift */; };
		AA398710EB2D422F9B8CBB16 /* DayTimelineView.swift in Sources */ = {isa = PBXBuildFile; fileRef = 4C9F584D9E9E421CA03C679D /* DayTimelineView.swift */; };
		1F01EB976D1B44EE911D81BE /* EventBlockView.swift in Sources */ = {isa = PBXBuildFile; fileRef = 37311C0B7C2C4E62B738A97D /* EventBlockView.swift */; };
		CA536533457B441EAD0E5FA9 /* EventDetailSheet.swift in Sources */ = {isa = PBXBuildFile; fileRef = A3F4B249E47648C5BE96CCB6 /* EventDetailSheet.swift */; };
		473DF51084594582AED7895B /* ScheduleView.swift in Sources */ = {isa = PBXBuildFile; fileRef = FBB1B9F2AA5D4D50851336E8 /* ScheduleView.swift */; };
		E5E956BB91414E09AAC57CB4 /* SettingsView.swift in Sources */ = {isa = PBXBuildFile; fileRef = 4AF4F6872ED34B0882AD88E5 /* SettingsView.swift */; };
		3E2E83F82136422F9D108CE0 /* ShareSheet.swift in Sources */ = {isa = PBXBuildFile; fileRef = 012450BC236242AEB524EFE0 /* ShareSheet.swift */; };
		9053C7C790474E3B8A14F396 /* StudyProgramImportView.swift in Sources */ = {isa = PBXBuildFile; fileRef = 94847227CB9141EFA7C890C5 /* StudyProgramImportView.swift */; };
		45F18D5455044692B4006186 /* StudyProgramSearchList.swift in Sources */ = {isa = PBXBuildFile; fileRef = 66945C056E2E47B38F6999C0 /* StudyProgramSearchList.swift */; };
		82D67A22F0974842A246DDD1 /* TimeplanManagerView.swift in Sources */ = {isa = PBXBuildFile; fileRef = 4FB993CD86E8448EA9C35892 /* TimeplanManagerView.swift */; };
		B2728BD3BB68457EADFFA7D4 /* WeekGridView.swift in Sources */ = {isa = PBXBuildFile; fileRef = EEA66CB15CD44DD5A73AB051 /* WeekGridView.swift */; };
		218C815FD6F9463DAA0889C3 /* Assets.xcassets in Resources */ = {isa = PBXBuildFile; fileRef = CBD90AE687BE42DF98C80D51 /* Assets.xcassets */; };
		A85892D841D045F0B10D3A6B /* EventKit.framework in Frameworks */ = {isa = PBXBuildFile; fileRef = B8928917B89B4695A734E74E /* EventKit.framework */; };
/* End PBXBuildFile section */

/* Begin PBXFileReference section */
		A1B2C3D4E5F60718293A4B5C /* SubscriptionManager.swift */ = {isa = PBXFileReference; lastKnownFileType = sourcecode.swift; path = "SubscriptionManager.swift"; sourceTree = "<group>"; };
		C3D4E5F60718293A4B5C6D7E /* PaywallView.swift */ = {isa = PBXFileReference; lastKnownFileType = sourcecode.swift; path = "PaywallView.swift"; sourceTree = "<group>"; };
		E5F60718293A4B5C6D7E8F90 /* NTNUTimeplan.storekit */ = {isa = PBXFileReference; lastKnownFileType = text; path = "NTNUTimeplan.storekit"; sourceTree = "<group>"; };
		F64B22DB1085442EA7A1E7EE /* Course.swift */ = {isa = PBXFileReference; lastKnownFileType = sourcecode.swift; path = "Course.swift"; sourceTree = "<group>"; };
		42EF1F944EFD4083A3BF6677 /* Room.swift */ = {isa = PBXFileReference; lastKnownFileType = sourcecode.swift; path = "Room.swift"; sourceTree = "<group>"; };
		C0489BB24CFF45DE80E8B4B2 /* ScheduleEvent.swift */ = {isa = PBXFileReference; lastKnownFileType = sourcecode.swift; path = "ScheduleEvent.swift"; sourceTree = "<group>"; };
		C7C664639F6F433D90A0C0D2 /* StudyProgram.swift */ = {isa = PBXFileReference; lastKnownFileType = sourcecode.swift; path = "StudyProgram.swift"; sourceTree = "<group>"; };
		CE58F2F4535C49CDBBE27C49 /* Timeplan.swift */ = {isa = PBXFileReference; lastKnownFileType = sourcecode.swift; path = "Timeplan.swift"; sourceTree = "<group>"; };
		1193D40B88BE4F3AB7CBEA4E /* NTNUTimeplanApp.swift */ = {isa = PBXFileReference; lastKnownFileType = sourcecode.swift; path = "NTNUTimeplanApp.swift"; sourceTree = "<group>"; };
		F45AF90A043D432089DD880A /* EventKitExporter.swift */ = {isa = PBXFileReference; lastKnownFileType = sourcecode.swift; path = "EventKitExporter.swift"; sourceTree = "<group>"; };
		1D898BBD0D114764A6D2AFF4 /* ICSExporter.swift */ = {isa = PBXFileReference; lastKnownFileType = sourcecode.swift; path = "ICSExporter.swift"; sourceTree = "<group>"; };
		5BB692426EBC4CBA83CF3CBB /* MockData.swift */ = {isa = PBXFileReference; lastKnownFileType = sourcecode.swift; path = "MockData.swift"; sourceTree = "<group>"; };
		E09C014DDE854017A792CAF8 /* NTNUScheduleService.swift */ = {isa = PBXFileReference; lastKnownFileType = sourcecode.swift; path = "NTNUScheduleService.swift"; sourceTree = "<group>"; };
		B9846B5A1F814B969F5AA041 /* NotificationScheduler.swift */ = {isa = PBXFileReference; lastKnownFileType = sourcecode.swift; path = "NotificationScheduler.swift"; sourceTree = "<group>"; };
		FAD1C6C259BD4F26A9AF4E17 /* DateExtensions.swift */ = {isa = PBXFileReference; lastKnownFileType = sourcecode.swift; path = "DateExtensions.swift"; sourceTree = "<group>"; };
		3054D7D8E4FD4AF78C658C57 /* DayLayout.swift */ = {isa = PBXFileReference; lastKnownFileType = sourcecode.swift; path = "DayLayout.swift"; sourceTree = "<group>"; };
		6A9923151EB84A4BBB65ABA8 /* NTNUSemester.swift */ = {isa = PBXFileReference; lastKnownFileType = sourcecode.swift; path = "NTNUSemester.swift"; sourceTree = "<group>"; };
		60BC3EDEC8BA45FE80C81C8D /* TimelineMetrics.swift */ = {isa = PBXFileReference; lastKnownFileType = sourcecode.swift; path = "TimelineMetrics.swift"; sourceTree = "<group>"; };
		BBD9734CF1D84F8E9B017837 /* ScheduleViewModel.swift */ = {isa = PBXFileReference; lastKnownFileType = sourcecode.swift; path = "ScheduleViewModel.swift"; sourceTree = "<group>"; };
		FC3B39CCC8CA4E7E847BAC9C /* ContentView.swift */ = {isa = PBXFileReference; lastKnownFileType = sourcecode.swift; path = "ContentView.swift"; sourceTree = "<group>"; };
		4BC42FD0BA434DB2A1EEE781 /* CourseSearchView.swift */ = {isa = PBXFileReference; lastKnownFileType = sourcecode.swift; path = "CourseSearchView.swift"; sourceTree = "<group>"; };
		512E5F346A6A469694770DE7 /* CurrentTimeIndicator.swift */ = {isa = PBXFileReference; lastKnownFileType = sourcecode.swift; path = "CurrentTimeIndicator.swift"; sourceTree = "<group>"; };
		0C1A62C8BD164C3D8FDD31B8 /* DayPagerView.swift */ = {isa = PBXFileReference; lastKnownFileType = sourcecode.swift; path = "DayPagerView.swift"; sourceTree = "<group>"; };
		4C9F584D9E9E421CA03C679D /* DayTimelineView.swift */ = {isa = PBXFileReference; lastKnownFileType = sourcecode.swift; path = "DayTimelineView.swift"; sourceTree = "<group>"; };
		37311C0B7C2C4E62B738A97D /* EventBlockView.swift */ = {isa = PBXFileReference; lastKnownFileType = sourcecode.swift; path = "EventBlockView.swift"; sourceTree = "<group>"; };
		A3F4B249E47648C5BE96CCB6 /* EventDetailSheet.swift */ = {isa = PBXFileReference; lastKnownFileType = sourcecode.swift; path = "EventDetailSheet.swift"; sourceTree = "<group>"; };
		FBB1B9F2AA5D4D50851336E8 /* ScheduleView.swift */ = {isa = PBXFileReference; lastKnownFileType = sourcecode.swift; path = "ScheduleView.swift"; sourceTree = "<group>"; };
		4AF4F6872ED34B0882AD88E5 /* SettingsView.swift */ = {isa = PBXFileReference; lastKnownFileType = sourcecode.swift; path = "SettingsView.swift"; sourceTree = "<group>"; };
		012450BC236242AEB524EFE0 /* ShareSheet.swift */ = {isa = PBXFileReference; lastKnownFileType = sourcecode.swift; path = "ShareSheet.swift"; sourceTree = "<group>"; };
		94847227CB9141EFA7C890C5 /* StudyProgramImportView.swift */ = {isa = PBXFileReference; lastKnownFileType = sourcecode.swift; path = "StudyProgramImportView.swift"; sourceTree = "<group>"; };
		66945C056E2E47B38F6999C0 /* StudyProgramSearchList.swift */ = {isa = PBXFileReference; lastKnownFileType = sourcecode.swift; path = "StudyProgramSearchList.swift"; sourceTree = "<group>"; };
		4FB993CD86E8448EA9C35892 /* TimeplanManagerView.swift */ = {isa = PBXFileReference; lastKnownFileType = sourcecode.swift; path = "TimeplanManagerView.swift"; sourceTree = "<group>"; };
		EEA66CB15CD44DD5A73AB051 /* WeekGridView.swift */ = {isa = PBXFileReference; lastKnownFileType = sourcecode.swift; path = "WeekGridView.swift"; sourceTree = "<group>"; };
		CBD90AE687BE42DF98C80D51 /* Assets.xcassets */ = {isa = PBXFileReference; lastKnownFileType = folder.assetcatalog; path = Assets.xcassets; sourceTree = "<group>"; };
		B8928917B89B4695A734E74E /* EventKit.framework */ = {isa = PBXFileReference; lastKnownFileType = wrapper.framework; name = EventKit.framework; path = System/Library/Frameworks/EventKit.framework; sourceTree = SDKROOT; };
		03A1A1A5607C46C2A0A810AE /* NTNUTimeplan.app */ = {isa = PBXFileReference; explicitFileType = wrapper.application; includeInIndex = 0; path = NTNUTimeplan.app; sourceTree = BUILT_PRODUCTS_DIR; };
/* End PBXFileReference section */

/* Begin PBXFrameworksBuildPhase section */
		F2C7D3252EA644A0BAA46B51 /* Frameworks */ = {
			isa = PBXFrameworksBuildPhase;
			buildActionMask = 2147483647;
			files = (
				A85892D841D045F0B10D3A6B /* EventKit.framework in Frameworks */,
			);
			runOnlyForDeploymentPostprocessing = 0;
		};
/* End PBXFrameworksBuildPhase section */

/* Begin PBXGroup section */
		2696DE1BCF4E4F9CA2897F55 = {
			isa = PBXGroup;
			children = (
				2704FFA77EE34A6FBEFCED45 /* NTNUTimeplan */,
				E5F60718293A4B5C6D7E8F90 /* NTNUTimeplan.storekit */,
				1669D9EDAE3C443E9A29F164 /* Frameworks */,
				9EDF561F23D94893A306F81A /* Products */,
			);
			sourceTree = "<group>";
		};
		2704FFA77EE34A6FBEFCED45 /* NTNUTimeplan */ = {
			isa = PBXGroup;
			children = (
				1193D40B88BE4F3AB7CBEA4E /* NTNUTimeplanApp.swift */,
				EF62C1FA024843119D2DB0ED /* Models */,
				799BA7A5ECAF40779CCCC17C /* Services */,
				901AC39CCBE64D8E89A18D2E /* Utilities */,
				69B1F55DE9AB48AFA37D3F98 /* ViewModels */,
				35705E5486AF4C428DC546E2 /* Views */,
				CBD90AE687BE42DF98C80D51 /* Assets.xcassets */,
			);
			path = NTNUTimeplan;
			sourceTree = "<group>";
		};
		EF62C1FA024843119D2DB0ED /* Models */ = {
			isa = PBXGroup;
			children = (
				F64B22DB1085442EA7A1E7EE /* Course.swift */,
				42EF1F944EFD4083A3BF6677 /* Room.swift */,
				C0489BB24CFF45DE80E8B4B2 /* ScheduleEvent.swift */,
				C7C664639F6F433D90A0C0D2 /* StudyProgram.swift */,
				CE58F2F4535C49CDBBE27C49 /* Timeplan.swift */,
			);
			path = Models;
			sourceTree = "<group>";
		};
		799BA7A5ECAF40779CCCC17C /* Services */ = {
			isa = PBXGroup;
			children = (
				F45AF90A043D432089DD880A /* EventKitExporter.swift */,
				A1B2C3D4E5F60718293A4B5C /* SubscriptionManager.swift */,
				1D898BBD0D114764A6D2AFF4 /* ICSExporter.swift */,
				5BB692426EBC4CBA83CF3CBB /* MockData.swift */,
				E09C014DDE854017A792CAF8 /* NTNUScheduleService.swift */,
				B9846B5A1F814B969F5AA041 /* NotificationScheduler.swift */,
			);
			path = Services;
			sourceTree = "<group>";
		};
		901AC39CCBE64D8E89A18D2E /* Utilities */ = {
			isa = PBXGroup;
			children = (
				FAD1C6C259BD4F26A9AF4E17 /* DateExtensions.swift */,
				3054D7D8E4FD4AF78C658C57 /* DayLayout.swift */,
				6A9923151EB84A4BBB65ABA8 /* NTNUSemester.swift */,
				60BC3EDEC8BA45FE80C81C8D /* TimelineMetrics.swift */,
			);
			path = Utilities;
			sourceTree = "<group>";
		};
		69B1F55DE9AB48AFA37D3F98 /* ViewModels */ = {
			isa = PBXGroup;
			children = (
				BBD9734CF1D84F8E9B017837 /* ScheduleViewModel.swift */,
			);
			path = ViewModels;
			sourceTree = "<group>";
		};
		35705E5486AF4C428DC546E2 /* Views */ = {
			isa = PBXGroup;
			children = (
				FC3B39CCC8CA4E7E847BAC9C /* ContentView.swift */,
				4BC42FD0BA434DB2A1EEE781 /* CourseSearchView.swift */,
				512E5F346A6A469694770DE7 /* CurrentTimeIndicator.swift */,
				C3D4E5F60718293A4B5C6D7E /* PaywallView.swift */,
				0C1A62C8BD164C3D8FDD31B8 /* DayPagerView.swift */,
				4C9F584D9E9E421CA03C679D /* DayTimelineView.swift */,
				37311C0B7C2C4E62B738A97D /* EventBlockView.swift */,
				A3F4B249E47648C5BE96CCB6 /* EventDetailSheet.swift */,
				FBB1B9F2AA5D4D50851336E8 /* ScheduleView.swift */,
				4AF4F6872ED34B0882AD88E5 /* SettingsView.swift */,
				012450BC236242AEB524EFE0 /* ShareSheet.swift */,
				94847227CB9141EFA7C890C5 /* StudyProgramImportView.swift */,
				66945C056E2E47B38F6999C0 /* StudyProgramSearchList.swift */,
				4FB993CD86E8448EA9C35892 /* TimeplanManagerView.swift */,
				EEA66CB15CD44DD5A73AB051 /* WeekGridView.swift */,
			);
			path = Views;
			sourceTree = "<group>";
		};
		1669D9EDAE3C443E9A29F164 /* Frameworks */ = {
			isa = PBXGroup;
			children = (
				B8928917B89B4695A734E74E /* EventKit.framework */,
			);
			name = Frameworks;
			sourceTree = "<group>";
		};
		9EDF561F23D94893A306F81A /* Products */ = {
			isa = PBXGroup;
			children = (
				03A1A1A5607C46C2A0A810AE /* NTNUTimeplan.app */,
			);
			name = Products;
			sourceTree = "<group>";
		};
/* End PBXGroup section */

/* Begin PBXNativeTarget section */
		A70292F25AE348969408EC90 /* NTNUTimeplan */ = {
			isa = PBXNativeTarget;
			buildConfigurationList = 916FEFAAC3334E928158387E /* Build configuration list for PBXNativeTarget "NTNUTimeplan" */;
			buildPhases = (
				16516836DBCD4CE5A0BEB0C7 /* Sources */,
				F2C7D3252EA644A0BAA46B51 /* Frameworks */,
				14C75F18C2364A78A1BE064A /* Resources */,
			);
			buildRules = (
			);
			dependencies = (
			);
			name = NTNUTimeplan;
			productName = NTNUTimeplan;
			productReference = 03A1A1A5607C46C2A0A810AE /* NTNUTimeplan.app */;
			productType = "com.apple.product-type.application";
		};
/* End PBXNativeTarget section */

/* Begin PBXProject section */
		4827F87BE7EC45588CD2BA00 /* Project object */ = {
			isa = PBXProject;
			attributes = {
				BuildIndependentTargetsInParallel = 1;
				LastSwiftUpdateCheck = 1600;
				LastUpgradeCheck = 1600;
			};
			buildConfigurationList = F036134580F44D7B891A4EE9 /* Build configuration list for PBXProject "NTNUTimeplan" */;
			compatibilityVersion = "Xcode 14.0";
			developmentRegion = en;
			hasScannedForEncodings = 0;
			knownRegions = (
				en,
				Base,
			);
			mainGroup = 2696DE1BCF4E4F9CA2897F55;
			productRefGroup = 9EDF561F23D94893A306F81A /* Products */;
			projectDirPath = "";
			projectRoot = "";
			targets = (
				A70292F25AE348969408EC90 /* NTNUTimeplan */,
			);
		};
/* End PBXProject section */

/* Begin PBXResourcesBuildPhase section */
		14C75F18C2364A78A1BE064A /* Resources */ = {
			isa = PBXResourcesBuildPhase;
			buildActionMask = 2147483647;
			files = (
				218C815FD6F9463DAA0889C3 /* Assets.xcassets in Resources */,
			);
			runOnlyForDeploymentPostprocessing = 0;
		};
/* End PBXResourcesBuildPhase section */

/* Begin PBXSourcesBuildPhase section */
		16516836DBCD4CE5A0BEB0C7 /* Sources */ = {
			isa = PBXSourcesBuildPhase;
			buildActionMask = 2147483647;
			files = (
				722AB52099C7440881378A6A /* Course.swift in Sources */,
				A069A88E0321454D986CB40A /* Room.swift in Sources */,
				39C9E25B19D649FDBBD000F5 /* ScheduleEvent.swift in Sources */,
				89CBBBE831B94036BCE08E97 /* StudyProgram.swift in Sources */,
				A3BE33604B1445AB9AF38104 /* Timeplan.swift in Sources */,
				B1B74A2BF1DB4C2B9EB1644A /* NTNUTimeplanApp.swift in Sources */,
				235BDDE0BCEE424B8CF394C1 /* EventKitExporter.swift in Sources */,
				C2C75399C8D44B699F96780E /* ICSExporter.swift in Sources */,
				87F4F422CEBA41178A642F07 /* MockData.swift in Sources */,
				C4C2D0A69E2445DEA6DA8483 /* NTNUScheduleService.swift in Sources */,
				3DE0595E27324A5FA502E914 /* NotificationScheduler.swift in Sources */,
				A26C1EE462A5443EAD71C609 /* DateExtensions.swift in Sources */,
				41FF6CD8CDFA4AB78C9375F3 /* DayLayout.swift in Sources */,
				CCFC06C7D9EF4A0DA94B45DB /* NTNUSemester.swift in Sources */,
				09929A94EEFF4D57ADB11057 /* TimelineMetrics.swift in Sources */,
				BE6CC1C9220440A080612B56 /* ScheduleViewModel.swift in Sources */,
				D01A85B59850446D85463E9E /* ContentView.swift in Sources */,
				162F8D45F54D4AA0AC12DF2E /* CourseSearchView.swift in Sources */,
				7775D5E35502496CB01D123E /* CurrentTimeIndicator.swift in Sources */,
				D4E5F60718293A4B5C6D7E8F /* PaywallView.swift in Sources */,
				B2C3D4E5F60718293A4B5C6D /* SubscriptionManager.swift in Sources */,
				B58A80EF20EA4353ABE60739 /* DayPagerView.swift in Sources */,
				AA398710EB2D422F9B8CBB16 /* DayTimelineView.swift in Sources */,
				1F01EB976D1B44EE911D81BE /* EventBlockView.swift in Sources */,
				CA536533457B441EAD0E5FA9 /* EventDetailSheet.swift in Sources */,
				473DF51084594582AED7895B /* ScheduleView.swift in Sources */,
				E5E956BB91414E09AAC57CB4 /* SettingsView.swift in Sources */,
				3E2E83F82136422F9D108CE0 /* ShareSheet.swift in Sources */,
				9053C7C790474E3B8A14F396 /* StudyProgramImportView.swift in Sources */,
				45F18D5455044692B4006186 /* StudyProgramSearchList.swift in Sources */,
				82D67A22F0974842A246DDD1 /* TimeplanManagerView.swift in Sources */,
				B2728BD3BB68457EADFFA7D4 /* WeekGridView.swift in Sources */,
			);
			runOnlyForDeploymentPostprocessing = 0;
		};
/* End PBXSourcesBuildPhase section */

/* Begin XCBuildConfiguration section */
		F88A35AF9669483189B16C73 /* Debug */ = {
			isa = XCBuildConfiguration;
			buildSettings = {
				ASSETCATALOG_COMPILER_APPICON_NAME = AppIcon;
				ASSETCATALOG_COMPILER_GLOBAL_ACCENT_COLOR_NAME = AccentColor;
				CODE_SIGN_STYLE = Automatic;
				DEVELOPMENT_TEAM = 24T86MDB5Y;
				CURRENT_PROJECT_VERSION = 1;
				GENERATE_INFOPLIST_FILE = YES;
				INFOPLIST_KEY_ITSAppUsesNonExemptEncryption = NO;
				INFOPLIST_KEY_NSCalendarsFullAccessUsageDescription = "Appen kan legge timeplanen din inn i Kalender-appen.";
				INFOPLIST_KEY_NSCalendarsUsageDescription = "Appen kan legge timeplanen din inn i Kalender-appen.";
				INFOPLIST_KEY_UIApplicationSceneManifest_Generation = YES;
				INFOPLIST_KEY_UILaunchScreen_Generation = YES;
				INFOPLIST_KEY_UISupportedInterfaceOrientations = "UIInterfaceOrientationPortrait UIInterfaceOrientationLandscapeLeft UIInterfaceOrientationLandscapeRight";
				INFOPLIST_KEY_UISupportedInterfaceOrientations_iPad = "UIInterfaceOrientationPortrait UIInterfaceOrientationPortraitUpsideDown UIInterfaceOrientationLandscapeLeft UIInterfaceOrientationLandscapeRight";
				IPHONEOS_DEPLOYMENT_TARGET = 17.0;
				MARKETING_VERSION = 1.0;
				PRODUCT_BUNDLE_IDENTIFIER = no.tormod.ntnutimeplan;
				PRODUCT_NAME = "$(TARGET_NAME)";
				SDKROOT = iphoneos;
				SWIFT_EMIT_LOC_STRINGS = YES;
				SWIFT_VERSION = 5.0;
				TARGETED_DEVICE_FAMILY = "1,2";
			};
			name = Debug;
		};
		8F856550D1454026B13F644F /* Release */ = {
			isa = XCBuildConfiguration;
			buildSettings = {
				ASSETCATALOG_COMPILER_APPICON_NAME = AppIcon;
				ASSETCATALOG_COMPILER_GLOBAL_ACCENT_COLOR_NAME = AccentColor;
				CODE_SIGN_STYLE = Automatic;
				DEVELOPMENT_TEAM = 24T86MDB5Y;
				CURRENT_PROJECT_VERSION = 1;
				GENERATE_INFOPLIST_FILE = YES;
				INFOPLIST_KEY_ITSAppUsesNonExemptEncryption = NO;
				INFOPLIST_KEY_NSCalendarsFullAccessUsageDescription = "Appen kan legge timeplanen din inn i Kalender-appen.";
				INFOPLIST_KEY_NSCalendarsUsageDescription = "Appen kan legge timeplanen din inn i Kalender-appen.";
				INFOPLIST_KEY_UIApplicationSceneManifest_Generation = YES;
				INFOPLIST_KEY_UILaunchScreen_Generation = YES;
				INFOPLIST_KEY_UISupportedInterfaceOrientations = "UIInterfaceOrientationPortrait UIInterfaceOrientationLandscapeLeft UIInterfaceOrientationLandscapeRight";
				INFOPLIST_KEY_UISupportedInterfaceOrientations_iPad = "UIInterfaceOrientationPortrait UIInterfaceOrientationPortraitUpsideDown UIInterfaceOrientationLandscapeLeft UIInterfaceOrientationLandscapeRight";
				IPHONEOS_DEPLOYMENT_TARGET = 17.0;
				MARKETING_VERSION = 1.0;
				PRODUCT_BUNDLE_IDENTIFIER = no.tormod.ntnutimeplan;
				PRODUCT_NAME = "$(TARGET_NAME)";
				SDKROOT = iphoneos;
				SWIFT_EMIT_LOC_STRINGS = YES;
				SWIFT_VERSION = 5.0;
				TARGETED_DEVICE_FAMILY = "1,2";
			};
			name = Release;
		};
		258ADEC645434820BCDEC0DA /* Debug */ = {
			isa = XCBuildConfiguration;
			buildSettings = {
				ALWAYS_SEARCH_USER_PATHS = NO;
				CLANG_ENABLE_MODULES = YES;
				CLANG_ENABLE_OBJC_ARC = YES;
				COPY_PHASE_STRIP = NO;
				ENABLE_STRICT_OBJC_MSGSEND = YES;
				GCC_C_LANGUAGE_STANDARD = gnu17;
				GCC_NO_COMMON_BLOCKS = YES;
				IPHONEOS_DEPLOYMENT_TARGET = 17.0;
				MTL_ENABLE_DEBUG_INFO = INCLUDE_SOURCE;
				SDKROOT = iphoneos;
				SWIFT_VERSION = 5.0;
				VERSIONING_SYSTEM = "apple-generic";
				ONLY_ACTIVE_ARCH = YES;
				SWIFT_OPTIMIZATION_LEVEL = "-Onone";
			};
			name = Debug;
		};
		6DE2F11DC1464A0AAA4F5E4C /* Release */ = {
			isa = XCBuildConfiguration;
			buildSettings = {
				ALWAYS_SEARCH_USER_PATHS = NO;
				CLANG_ENABLE_MODULES = YES;
				CLANG_ENABLE_OBJC_ARC = YES;
				COPY_PHASE_STRIP = NO;
				ENABLE_STRICT_OBJC_MSGSEND = YES;
				GCC_C_LANGUAGE_STANDARD = gnu17;
				GCC_NO_COMMON_BLOCKS = YES;
				IPHONEOS_DEPLOYMENT_TARGET = 17.0;
				MTL_ENABLE_DEBUG_INFO = INCLUDE_SOURCE;
				SDKROOT = iphoneos;
				SWIFT_VERSION = 5.0;
				VERSIONING_SYSTEM = "apple-generic";
				SWIFT_COMPILATION_MODE = wholemodule;
			};
			name = Release;
		};
/* End XCBuildConfiguration section */

/* Begin XCConfigurationList section */
		916FEFAAC3334E928158387E /* Build configuration list for PBXNativeTarget "NTNUTimeplan" */ = {
			isa = XCConfigurationList;
			buildConfigurations = (
				F88A35AF9669483189B16C73 /* Debug */,
				8F856550D1454026B13F644F /* Release */,
			);
			defaultConfigurationIsVisible = 0;
			defaultConfigurationName = Release;
		};
		F036134580F44D7B891A4EE9 /* Build configuration list for PBXProject "NTNUTimeplan" */ = {
			isa = XCConfigurationList;
			buildConfigurations = (
				258ADEC645434820BCDEC0DA /* Debug */,
				6DE2F11DC1464A0AAA4F5E4C /* Release */,
			);
			defaultConfigurationIsVisible = 0;
			defaultConfigurationName = Release;
		};
/* End XCConfigurationList section */

	};
	rootObject = 4827F87BE7EC45588CD2BA00 /* Project object */;
}
